
Microsoft Visual Studio Solution File, Format Version 12.00
# Visual Studio Version 17
VisualStudioVersion = 17.14.36327.8 d17.14
MinimumVisualStudioVersion = 10.0.40219.1
Project("{FAE04EC0-301F-11D3-BF4B-00C04F79EFBC}") = "App.RabbitBuilder", "App.RabbitBuilder.csproj", "{9CE10F47-376F-0691-04AE-6FA33145CBDE}"
EndProject
Global
	GlobalSection(SolutionConfigurationPlatforms) = preSolution
		Debug|Any CPU = Debug|Any CPU
		Release|Any CPU = Release|Any CPU
	EndGlobalSection
	GlobalSection(ProjectConfigurationPlatforms) = postSolution
		{9CE10F47-376F-0691-04AE-6FA33145CBDE}.Debug|Any CPU.ActiveCfg = Debug|Any CPU
		{9CE10F47-376F-0691-04AE-6FA33145CBDE}.Debug|Any CPU.Build.0 = Debug|Any CPU
		{9CE10F47-376F-0691-04AE-6FA33145CBDE}.Release|Any CPU.ActiveCfg = Release|Any CPU
		{9CE10F47-376F-0691-04AE-6FA33145CBDE}.Release|Any CPU.Build.0 = Release|Any CPU
	EndGlobalSection
	GlobalSection(SolutionProperties) = preSolution
		HideSolutionNode = FALSE
	EndGlobalSection
	GlobalSection(ExtensibilityGlobals) = postSolution
		SolutionGuid = {99117B6F-6915-4701-AA12-480FA316AF2E}
	EndGlobalSection
EndGlobal
